
Microsoft Visual Studio Solution File, Format Version 12.00
# Visual Studio Version 17
VisualStudioVersion = 17.7.34221.43
MinimumVisualStudioVersion = 10.0.40219.1
Project("{9A19103F-16F7-4668-BE54-9A1E7A4F7556}") = "ImageAugumentation", "ImageAugumentation.csproj", "{BB641079-37F0-4744-AAFD-63BA4678A49A}"
EndProject
Project("{FAE04EC0-301F-11D3-BF4B-00C04F79EFBC}") = "Terminal", "..\Terminal\Terminal.csproj", "{A589521F-9DA0-4904-8977-F483AFCFE35C}"
EndProject
Global
	GlobalSection(SolutionConfigurationPlatforms) = preSolution
		Debug|Any CPU = Debug|Any CPU
		Release|Any CPU = Release|Any CPU
	EndGlobalSection
	GlobalSection(ProjectConfigurationPlatforms) = postSolution
		{BB641079-37F0-4744-AAFD-63BA4678A49A}.Debug|Any CPU.ActiveCfg = Debug|Any CPU
		{BB641079-37F0-4744-AAFD-63BA4678A49A}.Debug|Any CPU.Build.0 = Debug|Any CPU
		{BB641079-37F0-4744-AAFD-63BA4678A49A}.Release|Any CPU.ActiveCfg = Release|Any CPU
		{BB641079-37F0-4744-AAFD-63BA4678A49A}.Release|Any CPU.Build.0 = Release|Any CPU
		{A589521F-9DA0-4904-8977-F483AFCFE35C}.Debug|Any CPU.ActiveCfg = Debug|Any CPU
		{A589521F-9DA0-4904-8977-F483AFCFE35C}.Debug|Any CPU.Build.0 = Debug|Any CPU
		{A589521F-9DA0-4904-8977-F483AFCFE35C}.Release|Any CPU.ActiveCfg = Release|Any CPU
		{A589521F-9DA0-4904-8977-F483AFCFE35C}.Release|Any CPU.Build.0 = Release|Any CPU
	EndGlobalSection
	GlobalSection(SolutionProperties) = preSolution
		HideSolutionNode = FALSE
	EndGlobalSection
	GlobalSection(ExtensibilityGlobals) = postSolution
		SolutionGuid = {6837370D-CB3A-443A-9759-68FBAAFC0D59}
	EndGlobalSection
EndGlobal
